
Microsoft Visual Studio Solution File, Format Version 12.00
# Visual Studio 15
VisualStudioVersion = 15.0.28010.2026
MinimumVisualStudioVersion = 10.0.40219.1
Project("{FAE04EC0-301F-11D3-BF4B-00C04F79EFBC}") = "Euler1", "Euler1\Euler1.csproj", "{13601D71-B1ED-47AC-A322-8E023C4B1E2F}"
EndProject
Project("{FAE04EC0-301F-11D3-BF4B-00C04F79EFBC}") = "Euler1Test", "Euler1Test\Euler1Test.csproj", "{A02E381C-2527-4766-A8B4-F785144ACE83}"
EndProject
Global
	GlobalSection(SolutionConfigurationPlatforms) = preSolution
		Debug|Any CPU = Debug|Any CPU
		Release|Any CPU = Release|Any CPU
	EndGlobalSection
	GlobalSection(ProjectConfigurationPlatforms) = postSolution
		{13601D71-B1ED-47AC-A322-8E023C4B1E2F}.Debug|Any CPU.ActiveCfg = Debug|Any CPU
		{13601D71-B1ED-47AC-A322-8E023C4B1E2F}.Debug|Any CPU.Build.0 = Debug|Any CPU
		{13601D71-B1ED-47AC-A322-8E023C4B1E2F}.Release|Any CPU.ActiveCfg = Release|Any CPU
		{13601D71-B1ED-47AC-A322-8E023C4B1E2F}.Release|Any CPU.Build.0 = Release|Any CPU
		{A02E381C-2527-4766-A8B4-F785144ACE83}.Debug|Any CPU.ActiveCfg = Debug|Any CPU
		{A02E381C-2527-4766-A8B4-F785144ACE83}.Debug|Any CPU.Build.0 = Debug|Any CPU
		{A02E381C-2527-4766-A8B4-F785144ACE83}.Release|Any CPU.ActiveCfg = Release|Any CPU
		{A02E381C-2527-4766-A8B4-F785144ACE83}.Release|Any CPU.Build.0 = Release|Any CPU
	EndGlobalSection
	GlobalSection(SolutionProperties) = preSolution
		HideSolutionNode = FALSE
	EndGlobalSection
	GlobalSection(ExtensibilityGlobals) = postSolution
		SolutionGuid = {C1B2DCD5-4256-4C7B-8E67-7DEFA7E8F65A}
	EndGlobalSection
EndGlobal
